
Microsoft Visual Studio Solution File, Format Version 12.00
# Visual Studio 15
VisualStudioVersion = 15.0.28307.902
MinimumVisualStudioVersion = 10.0.40219.1
Project("{FAE04EC0-301F-11D3-BF4B-00C04F79EFBC}") = "network-final-project-server", "network-final-project-server\network-final-project-server.csproj", "{305C5DBA-D9D6-4138-8001-BEB9BFFFF016}"
EndProject
Global
	GlobalSection(SolutionConfigurationPlatforms) = preSolution
		Debug|Any CPU = Debug|Any CPU
		Release|Any CPU = Release|Any CPU
	EndGlobalSection
	GlobalSection(ProjectConfigurationPlatforms) = postSolution
		{305C5DBA-D9D6-4138-8001-BEB9BFFFF016}.Debug|Any CPU.ActiveCfg = Debug|Any CPU
		{305C5DBA-D9D6-4138-8001-BEB9BFFFF016}.Debug|Any CPU.Build.0 = Debug|Any CPU
		{305C5DBA-D9D6-4138-8001-BEB9BFFFF016}.Release|Any CPU.ActiveCfg = Release|Any CPU
		{305C5DBA-D9D6-4138-8001-BEB9BFFFF016}.Release|Any CPU.Build.0 = Release|Any CPU
	EndGlobalSection
	GlobalSection(SolutionProperties) = preSolution
		HideSolutionNode = FALSE
	EndGlobalSection
	GlobalSection(ExtensibilityGlobals) = postSolution
		SolutionGuid = {0F52F58E-B2E7-4B6F-B937-188A2ED0984C}
	EndGlobalSection
EndGlobal
